
Microsoft Visual Studio Solution File, Format Version 12.00
Project("{FAE04EC0-301F-11D3-BF4B-00C04F79EFBC}") = "GSBC.ImpactKids.AppHost", "GSBC.ImpactKids.AppHost\GSBC.ImpactKids.AppHost.csproj", "{EB7128E4-9EA6-483C-9F74-F4323151F38D}"
EndProject
Project("{FAE04EC0-301F-11D3-BF4B-00C04F79EFBC}") = "GSBC.ImpactKids.ServiceDefaults", "GSBC.ImpactKids.ServiceDefaults\GSBC.ImpactKids.ServiceDefaults.csproj", "{3160BE2C-572E-439B-92CF-947A93A48C51}"
EndProject
Project("{FAE04EC0-301F-11D3-BF4B-00C04F79EFBC}") = "GSBC.ImpactKids.Web", "GSBC.ImpactKids.Web\GSBC.ImpactKids.Web.csproj", "{8A45A9B1-489C-43DD-8A7A-99E7B8EC9FB7}"
EndProject
Project("{2150E333-8FDC-42A3-9474-1A3956D46DE8}") = "Frontend", "Frontend", "{4F72E343-1EE4-4914-B17F-01C8AB79EE5E}"
EndProject
Project("{2150E333-8FDC-42A3-9474-1A3956D46DE8}") = "Api", "Api", "{E0136038-E634-4A8F-83B8-078855FC896E}"
EndProject
Project("{2150E333-8FDC-42A3-9474-1A3956D46DE8}") = "Hosting", "Hosting", "{E096085B-4612-481C-83EE-6866001AFA67}"
EndProject
Project("{2150E333-8FDC-42A3-9474-1A3956D46DE8}") = "Shared", "Shared", "{59BBCB4A-81E8-401E-B37F-53BAD31F2505}"
EndProject
Project("{FAE04EC0-301F-11D3-BF4B-00C04F79EFBC}") = "GSBC.ImpactKids.Shared.Contracts", "GSBC.ImpactKids.Shared.Contracts\GSBC.ImpactKids.Shared.Contracts.csproj", "{77F7EFC2-D264-4C6C-9999-C3218294AE4E}"
EndProject
Project("{FAE04EC0-301F-11D3-BF4B-00C04F79EFBC}") = "GSBC.ImpactKids.Grpc", "GSBC.ImpactKids.Grpc\GSBC.ImpactKids.Grpc.csproj", "{EC160E63-C771-4DFF-BB6C-5B440E42FBAA}"
EndProject
Project("{2150E333-8FDC-42A3-9474-1A3956D46DE8}") = "Workers", "Workers", "{9D4908D2-C90D-4663-99A4-8C39B33AF6AE}"
EndProject
Project("{FAE04EC0-301F-11D3-BF4B-00C04F79EFBC}") = "GSBC.ImpactKids.Workers.DbMigrations", "GSBC.ImpactKids.Workers.DbMigrations\GSBC.ImpactKids.Workers.DbMigrations.csproj", "{2BB003CC-741C-47B8-8CC1-0B2A534D177E}"
EndProject
Global
	GlobalSection(SolutionConfigurationPlatforms) = preSolution
		Debug|Any CPU = Debug|Any CPU
		Release|Any CPU = Release|Any CPU
	EndGlobalSection
	GlobalSection(ProjectConfigurationPlatforms) = postSolution
		{EB7128E4-9EA6-483C-9F74-F4323151F38D}.Debug|Any CPU.ActiveCfg = Debug|Any CPU
		{EB7128E4-9EA6-483C-9F74-F4323151F38D}.Debug|Any CPU.Build.0 = Debug|Any CPU
		{EB7128E4-9EA6-483C-9F74-F4323151F38D}.Release|Any CPU.ActiveCfg = Release|Any CPU
		{EB7128E4-9EA6-483C-9F74-F4323151F38D}.Release|Any CPU.Build.0 = Release|Any CPU
		{3160BE2C-572E-439B-92CF-947A93A48C51}.Debug|Any CPU.ActiveCfg = Debug|Any CPU
		{3160BE2C-572E-439B-92CF-947A93A48C51}.Debug|Any CPU.Build.0 = Debug|Any CPU
		{3160BE2C-572E-439B-92CF-947A93A48C51}.Release|Any CPU.ActiveCfg = Release|Any CPU
		{3160BE2C-572E-439B-92CF-947A93A48C51}.Release|Any CPU.Build.0 = Release|Any CPU
		{8A45A9B1-489C-43DD-8A7A-99E7B8EC9FB7}.Debug|Any CPU.ActiveCfg = Debug|Any CPU
		{8A45A9B1-489C-43DD-8A7A-99E7B8EC9FB7}.Debug|Any CPU.Build.0 = Debug|Any CPU
		{8A45A9B1-489C-43DD-8A7A-99E7B8EC9FB7}.Release|Any CPU.ActiveCfg = Release|Any CPU
		{8A45A9B1-489C-43DD-8A7A-99E7B8EC9FB7}.Release|Any CPU.Build.0 = Release|Any CPU
		{77F7EFC2-D264-4C6C-9999-C3218294AE4E}.Debug|Any CPU.ActiveCfg = Debug|Any CPU
		{77F7EFC2-D264-4C6C-9999-C3218294AE4E}.Debug|Any CPU.Build.0 = Debug|Any CPU
		{77F7EFC2-D264-4C6C-9999-C3218294AE4E}.Release|Any CPU.ActiveCfg = Release|Any CPU
		{77F7EFC2-D264-4C6C-9999-C3218294AE4E}.Release|Any CPU.Build.0 = Release|Any CPU
		{EC160E63-C771-4DFF-BB6C-5B440E42FBAA}.Debug|Any CPU.ActiveCfg = Debug|Any CPU
		{EC160E63-C771-4DFF-BB6C-5B440E42FBAA}.Debug|Any CPU.Build.0 = Debug|Any CPU
		{EC160E63-C771-4DFF-BB6C-5B440E42FBAA}.Release|Any CPU.ActiveCfg = Release|Any CPU
		{EC160E63-C771-4DFF-BB6C-5B440E42FBAA}.Release|Any CPU.Build.0 = Release|Any CPU
		{2BB003CC-741C-47B8-8CC1-0B2A534D177E}.Debug|Any CPU.ActiveCfg = Debug|Any CPU
		{2BB003CC-741C-47B8-8CC1-0B2A534D177E}.Debug|Any CPU.Build.0 = Debug|Any CPU
		{2BB003CC-741C-47B8-8CC1-0B2A534D177E}.Release|Any CPU.ActiveCfg = Release|Any CPU
		{2BB003CC-741C-47B8-8CC1-0B2A534D177E}.Release|Any CPU.Build.0 = Release|Any CPU
	EndGlobalSection
	GlobalSection(NestedProjects) = preSolution
		{8A45A9B1-489C-43DD-8A7A-99E7B8EC9FB7} = {4F72E343-1EE4-4914-B17F-01C8AB79EE5E}
		{EB7128E4-9EA6-483C-9F74-F4323151F38D} = {E096085B-4612-481C-83EE-6866001AFA67}
		{3160BE2C-572E-439B-92CF-947A93A48C51} = {E096085B-4612-481C-83EE-6866001AFA67}
		{77F7EFC2-D264-4C6C-9999-C3218294AE4E} = {59BBCB4A-81E8-401E-B37F-53BAD31F2505}
		{EC160E63-C771-4DFF-BB6C-5B440E42FBAA} = {E0136038-E634-4A8F-83B8-078855FC896E}
		{2BB003CC-741C-47B8-8CC1-0B2A534D177E} = {9D4908D2-C90D-4663-99A4-8C39B33AF6AE}
	EndGlobalSection
EndGlobal
